// !$*UTF8*$!
{
	archiveVersion = 1;
	classes = {
	};
	objectVersion = 55;
	objects = {

/* Begin PBXBuildFile section */
		6343322D2811AD3E003E4450 /* HomeBuilder.swift in Sources */ = {isa = PBXBuildFile; fileRef = 6343322C2811AD3E003E4450 /* HomeBuilder.swift */; };
		6343322F2811AE57003E4450 /* HomeInteractor.swift in Sources */ = {isa = PBXBuildFile; fileRef = 6343322E2811AE57003E4450 /* HomeInteractor.swift */; };
		634332312811AE66003E4450 /* HomePresenter.swift in Sources */ = {isa = PBXBuildFile; fileRef = 634332302811AE66003E4450 /* HomePresenter.swift */; };
		634332332811AFFC003E4450 /* HomeRouter.swift in Sources */ = {isa = PBXBuildFile; fileRef = 634332322811AFFC003E4450 /* HomeRouter.swift */; };
		6374C991281168DC00C2F938 /* AppDelegate.swift in Sources */ = {isa = PBXBuildFile; fileRef = 6374C990281168DC00C2F938 /* AppDelegate.swift */; };
		6374C993281168DC00C2F938 /* SceneDelegate.swift in Sources */ = {isa = PBXBuildFile; fileRef = 6374C992281168DC00C2F938 /* SceneDelegate.swift */; };
		6374C995281168DC00C2F938 /* HomeVC.swift in Sources */ = {isa = PBXBuildFile; fileRef = 6374C994281168DC00C2F938 /* HomeVC.swift */; };
		6374C998281168DC00C2F938 /* Main.storyboard in Resources */ = {isa = PBXBuildFile; fileRef = 6374C996281168DC00C2F938 /* Main.storyboard */; };
		6374C99A281168DC00C2F938 /* Assets.xcassets in Resources */ = {isa = PBXBuildFile; fileRef = 6374C999281168DC00C2F938 /* Assets.xcassets */; };
		6374C99D281168DC00C2F938 /* LaunchScreen.storyboard in Resources */ = {isa = PBXBuildFile; fileRef = 6374C99B281168DC00C2F938 /* LaunchScreen.storyboard */; };
		6374C9A6281177F700C2F938 /* HomeContracts.swift in Sources */ = {isa = PBXBuildFile; fileRef = 6374C9A5281177F700C2F938 /* HomeContracts.swift */; };
/* End PBXBuildFile section */

/* Begin PBXFileReference section */
		6343322C2811AD3E003E4450 /* HomeBuilder.swift */ = {isa = PBXFileReference; lastKnownFileType = sourcecode.swift; path = HomeBuilder.swift; sourceTree = "<group>"; };
		6343322E2811AE57003E4450 /* HomeInteractor.swift */ = {isa = PBXFileReference; lastKnownFileType = sourcecode.swift; path = HomeInteractor.swift; sourceTree = "<group>"; };
		634332302811AE66003E4450 /* HomePresenter.swift */ = {isa = PBXFileReference; lastKnownFileType = sourcecode.swift; path = HomePresenter.swift; sourceTree = "<group>"; };
		634332322811AFFC003E4450 /* HomeRouter.swift */ = {isa = PBXFileReference; lastKnownFileType = sourcecode.swift; path = HomeRouter.swift; sourceTree = "<group>"; };
		6374C98D281168DC00C2F938 /* Viper-RGBSliderApp.app */ = {isa = PBXFileReference; explicitFileType = wrapper.application; includeInIndex = 0; path = "Viper-RGBSliderApp.app"; sourceTree = BUILT_PRODUCTS_DIR; };
		6374C990281168DC00C2F938 /* AppDelegate.swift */ = {isa = PBXFileReference; lastKnownFileType = sourcecode.swift; path = AppDelegate.swift; sourceTree = "<group>"; };
		6374C992281168DC00C2F938 /* SceneDelegate.swift */ = {isa = PBXFileReference; lastKnownFileType = sourcecode.swift; path = SceneDelegate.swift; sourceTree = "<group>"; };
		6374C994281168DC00C2F938 /* HomeVC.swift */ = {isa = PBXFileReference; lastKnownFileType = sourcecode.swift; path = HomeVC.swift; sourceTree = "<group>"; };
		6374C997281168DC00C2F938 /* Base */ = {isa = PBXFileReference; lastKnownFileType = file.storyboard; name = Base; path = Base.lproj/Main.storyboard; sourceTree = "<group>"; };
		6374C999281168DC00C2F938 /* Assets.xcassets */ = {isa = PBXFileReference; lastKnownFileType = folder.assetcatalog; path = Assets.xcassets; sourceTree = "<group>"; };
		6374C99C281168DC00C2F938 /* Base */ = {isa = PBXFileReference; lastKnownFileType = file.storyboard; name = Base; path = Base.lproj/LaunchScreen.storyboard; sourceTree = "<group>"; };
		6374C99E281168DC00C2F938 /* Info.plist */ = {isa = PBXFileReference; lastKnownFileType = text.plist.xml; path = Info.plist; sourceTree = "<group>"; };
		6374C9A5281177F700C2F938 /* HomeContracts.swift */ = {isa = PBXFileReference; lastKnownFileType = sourcecode.swift; path = HomeContracts.swift; sourceTree = "<group>"; };
/* End PBXFileReference section */

/* Begin PBXFrameworksBuildPhase section */
		6374C98A281168DC00C2F938 /* Frameworks */ = {
			isa = PBXFrameworksBuildPhase;
			buildActionMask = 2147483647;
			files = (
			);
			runOnlyForDeploymentPostprocessing = 0;
		};
/* End PBXFrameworksBuildPhase section */

/* Begin PBXGroup section */
		634332342811B015003E4450 /* Home */ = {
			isa = PBXGroup;
			children = (
				6374C994281168DC00C2F938 /* HomeVC.swift */,
				6343322E2811AE57003E4450 /* HomeInteractor.swift */,
				634332302811AE66003E4450 /* HomePresenter.swift */,
				6374C9A5281177F700C2F938 /* HomeContracts.swift */,
				6343322C2811AD3E003E4450 /* HomeBuilder.swift */,
				634332322811AFFC003E4450 /* HomeRouter.swift */,
			);
			path = Home;
			sourceTree = "<group>";
		};
		6374C984281168DC00C2F938 = {
			isa = PBXGroup;
			children = (
				6374C98F281168DC00C2F938 /* Viper-RGBSliderApp */,
				6374C98E281168DC00C2F938 /* Products */,
			);
			sourceTree = "<group>";
		};
		6374C98E281168DC00C2F938 /* Products */ = {
			isa = PBXGroup;
			children = (
				6374C98D281168DC00C2F938 /* Viper-RGBSliderApp.app */,
			);
			name = Products;
			sourceTree = "<group>";
		};
		6374C98F281168DC00C2F938 /* Viper-RGBSliderApp */ = {
			isa = PBXGroup;
			children = (
				634332342811B015003E4450 /* Home */,
				6374C9A4281177D500C2F938 /* Core */,
			);
			path = "Viper-RGBSliderApp";
			sourceTree = "<group>";
		};
		6374C9A4281177D500C2F938 /* Core */ = {
			isa = PBXGroup;
			children = (
				6374C990281168DC00C2F938 /* AppDelegate.swift */,
				6374C992281168DC00C2F938 /* SceneDelegate.swift */,
				6374C996281168DC00C2F938 /* Main.storyboard */,
				6374C999281168DC00C2F938 /* Assets.xcassets */,
				6374C99B281168DC00C2F938 /* LaunchScreen.storyboard */,
				6374C99E281168DC00C2F938 /* Info.plist */,
			);
			path = Core;
			sourceTree = "<group>";
		};
/* End PBXGroup section */

/* Begin PBXNativeTarget section */
		6374C98C281168DC00C2F938 /* Viper-RGBSliderApp */ = {
			isa = PBXNativeTarget;
			buildConfigurationList = 6374C9A1281168DC00C2F938 /* Build configuration list for PBXNativeTarget "Viper-RGBSliderApp" */;
			buildPhases = (
				6374C989281168DC00C2F938 /* Sources */,
				6374C98A281168DC00C2F938 /* Frameworks */,
				6374C98B281168DC00C2F938 /* Resources */,
			);
			buildRules = (
			);
			dependencies = (
			);
			name = "Viper-RGBSliderApp";
			productName = "Viper-RGBSliderApp";
			productReference = 6374C98D281168DC00C2F938 /* Viper-RGBSliderApp.app */;
			productType = "com.apple.product-type.application";
		};
/* End PBXNativeTarget section */

/* Begin PBXProject section */
		6374C985281168DC00C2F938 /* Project object */ = {
			isa = PBXProject;
			attributes = {
				BuildIndependentTargetsInParallel = 1;
				LastSwiftUpdateCheck = 1320;
				LastUpgradeCheck = 1320;
				TargetAttributes = {
					6374C98C281168DC00C2F938 = {
						CreatedOnToolsVersion = 13.2.1;
					};
				};
			};
			buildConfigurationList = 6374C988281168DC00C2F938 /* Build configuration list for PBXProject "Viper-RGBSliderApp" */;
			compatibilityVersion = "Xcode 13.0";
			developmentRegion = en;
			hasScannedForEncodings = 0;
			knownRegions = (
				en,
				Base,
			);
			mainGroup = 6374C984281168DC00C2F938;
			productRefGroup = 6374C98E281168DC00C2F938 /* Products */;
			projectDirPath = "";
			projectRoot = "";
			targets = (
				6374C98C281168DC00C2F938 /* Viper-RGBSliderApp */,
			);
		};
/* End PBXProject section */

/* Begin PBXResourcesBuildPhase section */
		6374C98B281168DC00C2F938 /* Resources */ = {
			isa = PBXResourcesBuildPhase;
			buildActionMask = 2147483647;
			files = (
				6374C99D281168DC00C2F938 /* LaunchScreen.storyboard in Resources */,
				6374C99A281168DC00C2F938 /* Assets.xcassets in Resources */,
				6374C998281168DC00C2F938 /* Main.storyboard in Resources */,
			);
			runOnlyForDeploymentPostprocessing = 0;
		};
/* End PBXResourcesBuildPhase section */

/* Begin PBXSourcesBuildPhase section */
		6374C989281168DC00C2F938 /* Sources */ = {
			isa = PBXSourcesBuildPhase;
			buildActionMask = 2147483647;
			files = (
				634332312811AE66003E4450 /* HomePresenter.swift in Sources */,
				6374C9A6281177F700C2F938 /* HomeContracts.swift in Sources */,
				6374C995281168DC00C2F938 /* HomeVC.swift in Sources */,
				6343322D2811AD3E003E4450 /* HomeBuilder.swift in Sources */,
				6343322F2811AE57003E4450 /* HomeInteractor.swift in Sources */,
				634332332811AFFC003E4450 /* HomeRouter.swift in Sources */,
				6374C991281168DC00C2F938 /* AppDelegate.swift in Sources */,
				6374C993281168DC00C2F938 /* SceneDelegate.swift in Sources */,
			);
			runOnlyForDeploymentPostprocessing = 0;
		};
/* End PBXSourcesBuildPhase section */

/* Begin PBXVariantGroup section */
		6374C996281168DC00C2F938 /* Main.storyboard */ = {
			isa = PBXVariantGroup;
			children = (
				6374C997281168DC00C2F938 /* Base */,
			);
			name = Main.storyboard;
			sourceTree = "<group>";
		};
		6374C99B281168DC00C2F938 /* LaunchScreen.storyboard */ = {
			isa = PBXVariantGroup;
			children = (
				6374C99C281168DC00C2F938 /* Base */,
			);
			name = LaunchScreen.storyboard;
			sourceTree = "<group>";
		};
/* End PBXVariantGroup section */

/* Begin XCBuildConfiguration section */
		6374C99F281168DC00C2F938 /* Debug */ = {
			isa = XCBuildConfiguration;
			buildSettings = {
				ALWAYS_SEARCH_USER_PATHS = NO;
				CLANG_ANALYZER_NONNULL = YES;
				CLANG_ANALYZER_NUMBER_OBJECT_CONVERSION = YES_AGGRESSIVE;
				CLANG_CXX_LANGUAGE_STANDARD = "gnu++17";
				CLANG_CXX_LIBRARY = "libc++";
				CLANG_ENABLE_MODULES = YES;
				CLANG_ENABLE_OBJC_ARC = YES;
				CLANG_ENABLE_OBJC_WEAK = YES;
				CLANG_WARN_BLOCK_CAPTURE_AUTORELEASING = YES;
				CLANG_WARN_BOOL_CONVERSION = YES;
				CLANG_WARN_COMMA = YES;
				CLANG_WARN_CONSTANT_CONVERSION = YES;
				CLANG_WARN_DEPRECATED_OBJC_IMPLEMENTATIONS = YES;
				CLANG_WARN_DIRECT_OBJC_ISA_USAGE = YES_ERROR;
				CLANG_WARN_DOCUMENTATION_COMMENTS = YES;
				CLANG_WARN_EMPTY_BODY = YES;
				CLANG_WARN_ENUM_CONVERSION = YES;
				CLANG_WARN_INFINITE_RECURSION = YES;
				CLANG_WARN_INT_CONVERSION = YES;
				CLANG_WARN_NON_LITERAL_NULL_CONVERSION = YES;
				CLANG_WARN_OBJC_IMPLICIT_RETAIN_SELF = YES;
				CLANG_WARN_OBJC_LITERAL_CONVERSION = YES;
				CLANG_WARN_OBJC_ROOT_CLASS = YES_ERROR;
				CLANG_WARN_QUOTED_INCLUDE_IN_FRAMEWORK_HEADER = YES;
				CLANG_WARN_RANGE_LOOP_ANALYSIS = YES;
				CLANG_WARN_STRICT_PROTOTYPES = YES;
				CLANG_WARN_SUSPICIOUS_MOVE = YES;
				CLANG_WARN_UNGUARDED_AVAILABILITY = YES_AGGRESSIVE;
				CLANG_WARN_UNREACHABLE_CODE = YES;
				CLANG_WARN__DUPLICATE_METHOD_MATCH = YES;
				COPY_PHASE_STRIP = NO;
				DEBUG_INFORMATION_FORMAT = dwarf;
				ENABLE_STRICT_OBJC_MSGSEND = YES;
				ENABLE_TESTABILITY = YES;
				GCC_C_LANGUAGE_STANDARD = gnu11;
				GCC_DYNAMIC_NO_PIC = NO;
				GCC_NO_COMMON_BLOCKS = YES;
				GCC_OPTIMIZATION_LEVEL = 0;
				GCC_PREPROCESSOR_DEFINITIONS = (
					"DEBUG=1",
					"$(inherited)",
				);
				GCC_WARN_64_TO_32_BIT_CONVERSION = YES;
				GCC_WARN_ABOUT_RETURN_TYPE = YES_ERROR;
				GCC_WARN_UNDECLARED_SELECTOR = YES;
				GCC_WARN_UNINITIALIZED_AUTOS = YES_AGGRESSIVE;
				GCC_WARN_UNUSED_FUNCTION = YES;
				GCC_WARN_UNUSED_VARIABLE = YES;
				IPHONEOS_DEPLOYMENT_TARGET = 15.2;
				MTL_ENABLE_DEBUG_INFO = INCLUDE_SOURCE;
				MTL_FAST_MATH = YES;
				ONLY_ACTIVE_ARCH = YES;
				SDKROOT = iphoneos;
				SWIFT_ACTIVE_COMPILATION_CONDITIONS = DEBUG;
				SWIFT_OPTIMIZATION_LEVEL = "-Onone";
			};
			name = Debug;
		};
		6374C9A0281168DC00C2F938 /* Release */ = {
			isa = XCBuildConfiguration;
			buildSettings = {
				ALWAYS_SEARCH_USER_PATHS = NO;
				CLANG_ANALYZER_NONNULL = YES;
				CLANG_ANALYZER_NUMBER_OBJECT_CONVERSION = YES_AGGRESSIVE;
				CLANG_CXX_LANGUAGE_STANDARD = "gnu++17";
				CLANG_CXX_LIBRARY = "libc++";
				CLANG_ENABLE_MODULES = YES;
				CLANG_ENABLE_OBJC_ARC = YES;
				CLANG_ENABLE_OBJC_WEAK = YES;
				CLANG_WARN_BLOCK_CAPTURE_AUTORELEASING = YES;
				CLANG_WARN_BOOL_CONVERSION = YES;
				CLANG_WARN_COMMA = YES;
				CLANG_WARN_CONSTANT_CONVERSION = YES;
				CLANG_WARN_DEPRECATED_OBJC_IMPLEMENTATIONS = YES;
				CLANG_WARN_DIRECT_OBJC_ISA_USAGE = YES_ERROR;
				CLANG_WARN_DOCUMENTATION_COMMENTS = YES;
				CLANG_WARN_EMPTY_BODY = YES;
				CLANG_WARN_ENUM_CONVERSION = YES;
				CLANG_WARN_INFINITE_RECURSION = YES;
				CLANG_WARN_INT_CONVERSION = YES;
				CLANG_WARN_NON_LITERAL_NULL_CONVERSION = YES;
				CLANG_WARN_OBJC_IMPLICIT_RETAIN_SELF = YES;
				CLANG_WARN_OBJC_LITERAL_CONVERSION = YES;
				CLANG_WARN_OBJC_ROOT_CLASS = YES_ERROR;
				CLANG_WARN_QUOTED_INCLUDE_IN_FRAMEWORK_HEADER = YES;
				CLANG_WARN_RANGE_LOOP_ANALYSIS = YES;
				CLANG_WARN_STRICT_PROTOTYPES = YES;
				CLANG_WARN_SUSPICIOUS_MOVE = YES;
				CLANG_WARN_UNGUARDED_AVAILABILITY = YES_AGGRESSIVE;
				CLANG_WARN_UNREACHABLE_CODE = YES;
				CLANG_WARN__DUPLICATE_METHOD_MATCH = YES;
				COPY_PHASE_STRIP = NO;
				DEBUG_INFORMATION_FORMAT = "dwarf-with-dsym";
				ENABLE_NS_ASSERTIONS = NO;
				ENABLE_STRICT_OBJC_MSGSEND = YES;
				GCC_C_LANGUAGE_STANDARD = gnu11;
				GCC_NO_COMMON_BLOCKS = YES;
				GCC_WARN_64_TO_32_BIT_CONVERSION = YES;
				GCC_WARN_ABOUT_RETURN_TYPE = YES_ERROR;
				GCC_WARN_UNDECLARED_SELECTOR = YES;
				GCC_WARN_UNINITIALIZED_AUTOS = YES_AGGRESSIVE;
				GCC_WARN_UNUSED_FUNCTION = YES;
				GCC_WARN_UNUSED_VARIABLE = YES;
				IPHONEOS_DEPLOYMENT_TARGET = 15.2;
				MTL_ENABLE_DEBUG_INFO = NO;
				MTL_FAST_MATH = YES;
				SDKROOT = iphoneos;
				SWIFT_COMPILATION_MODE = wholemodule;
				SWIFT_OPTIMIZATION_LEVEL = "-O";
				VALIDATE_PRODUCT = YES;
			};
			name = Release;
		};
		6374C9A2281168DC00C2F938 /* Debug */ = {
			isa = XCBuildConfiguration;
			buildSettings = {
				ASSETCATALOG_COMPILER_APPICON_NAME = AppIcon;
				ASSETCATALOG_COMPILER_GLOBAL_ACCENT_COLOR_NAME = AccentColor;
				CODE_SIGN_STYLE = Automatic;
				CURRENT_PROJECT_VERSION = 1;
				DEVELOPMENT_TEAM = YW89A2JD7V;
				GENERATE_INFOPLIST_FILE = YES;
				INFOPLIST_FILE = "Viper-RGBSliderApp/Core/Info.plist";
				INFOPLIST_KEY_UIApplicationSupportsIndirectInputEvents = YES;
				INFOPLIST_KEY_UILaunchStoryboardName = LaunchScreen;
				INFOPLIST_KEY_UIMainStoryboardFile = Main;
				INFOPLIST_KEY_UISupportedInterfaceOrientations_iPad = "UIInterfaceOrientationPortrait UIInterfaceOrientationPortraitUpsideDown UIInterfaceOrientationLandscapeLeft UIInterfaceOrientationLandscapeRight";
				INFOPLIST_KEY_UISupportedInterfaceOrientations_iPhone = "UIInterfaceOrientationPortrait UIInterfaceOrientationLandscapeLeft UIInterfaceOrientationLandscapeRight";
				LD_RUNPATH_SEARCH_PATHS = (
					"$(inherited)",
					"@executable_path/Frameworks",
				);
				MARKETING_VERSION = 1.0;
				PRODUCT_BUNDLE_IDENTIFIER = "com.ugurhmz.Viper-RGBSliderApp";
				PRODUCT_NAME = "$(TARGET_NAME)";
				SWIFT_EMIT_LOC_STRINGS = YES;
				SWIFT_VERSION = 5.0;
				TARGETED_DEVICE_FAMILY = "1,2";
			};
			name = Debug;
		};
		6374C9A3281168DC00C2F938 /* Release */ = {
			isa = XCBuildConfiguration;
			buildSettings = {
				ASSETCATALOG_COMPILER_APPICON_NAME = AppIcon;
				ASSETCATALOG_COMPILER_GLOBAL_ACCENT_COLOR_NAME = AccentColor;
				CODE_SIGN_STYLE = Automatic;
				CURRENT_PROJECT_VERSION = 1;
				DEVELOPMENT_TEAM = YW89A2JD7V;
				GENERATE_INFOPLIST_FILE = YES;
				INFOPLIST_FILE = "Viper-RGBSliderApp/Core/Info.plist";
				INFOPLIST_KEY_UIApplicationSupportsIndirectInputEvents = YES;
				INFOPLIST_KEY_UILaunchStoryboardName = LaunchScreen;
				INFOPLIST_KEY_UIMainStoryboardFile = Main;
				INFOPLIST_KEY_UISupportedInterfaceOrientations_iPad = "UIInterfaceOrientationPortrait UIInterfaceOrientationPortraitUpsideDown UIInterfaceOrientationLandscapeLeft UIInterfaceOrientationLandscapeRight";
				INFOPLIST_KEY_UISupportedInterfaceOrientations_iPhone = "UIInterfaceOrientationPortrait UIInterfaceOrientationLandscapeLeft UIInterfaceOrientationLandscapeRight";
				LD_RUNPATH_SEARCH_PATHS = (
					"$(inherited)",
					"@executable_path/Frameworks",
				);
				MARKETING_VERSION = 1.0;
				PRODUCT_BUNDLE_IDENTIFIER = "com.ugurhmz.Viper-RGBSliderApp";
				PRODUCT_NAME = "$(TARGET_NAME)";
				SWIFT_EMIT_LOC_STRINGS = YES;
				SWIFT_VERSION = 5.0;
				TARGETED_DEVICE_FAMILY = "1,2";
			};
			name = Release;
		};
/* End XCBuildConfiguration section */

/* Begin XCConfigurationList section */
		6374C988281168DC00C2F938 /* Build configuration list for PBXProject "Viper-RGBSliderApp" */ = {
			isa = XCConfigurationList;
			buildConfigurations = (
				6374C99F281168DC00C2F938 /* Debug */,
				6374C9A0281168DC00C2F938 /* Release */,
			);
			defaultConfigurationIsVisible = 0;
			defaultConfigurationName = Release;
		};
		6374C9A1281168DC00C2F938 /* Build configuration list for PBXNativeTarget "Viper-RGBSliderApp" */ = {
			isa = XCConfigurationList;
			buildConfigurations = (
				6374C9A2281168DC00C2F938 /* Debug */,
				6374C9A3281168DC00C2F938 /* Release */,
			);
			defaultConfigurationIsVisible = 0;
			defaultConfigurationName = Release;
		};
/* End XCConfigurationList section */
	};
	rootObject = 6374C985281168DC00C2F938 /* Project object */;
}
